
Microsoft Visual Studio Solution File, Format Version 12.00
# Visual Studio 15
VisualStudioVersion = 15.0.28307.271
MinimumVisualStudioVersion = 10.0.40219.1
Project("{8BC9CEB8-8B4A-11D0-8D11-00A0C91BC942}") = "TestAI", "TestAI\TestAI.vcxproj", "{A05317EC-063B-404D-AC86-37C22469659A}"
EndProject
Global
	GlobalSection(SolutionConfigurationPlatforms) = preSolution
		Debug|x64 = Debug|x64
		Debug|x86 = Debug|x86
		Release|x64 = Release|x64
		Release|x86 = Release|x86
	EndGlobalSection
	GlobalSection(ProjectConfigurationPlatforms) = postSolution
		{A05317EC-063B-404D-AC86-37C22469659A}.Debug|x64.ActiveCfg = Debug|x64
		{A05317EC-063B-404D-AC86-37C22469659A}.Debug|x64.Build.0 = Debug|x64
		{A05317EC-063B-404D-AC86-37C22469659A}.Debug|x86.ActiveCfg = Debug|Win32
		{A05317EC-063B-404D-AC86-37C22469659A}.Debug|x86.Build.0 = Debug|Win32
		{A05317EC-063B-404D-AC86-37C22469659A}.Release|x64.ActiveCfg = Release|x64
		{A05317EC-063B-404D-AC86-37C22469659A}.Release|x64.Build.0 = Release|x64
		{A05317EC-063B-404D-AC86-37C22469659A}.Release|x86.ActiveCfg = Release|Win32
		{A05317EC-063B-404D-AC86-37C22469659A}.Release|x86.Build.0 = Release|Win32
	EndGlobalSection
	GlobalSection(SolutionProperties) = preSolution
		HideSolutionNode = FALSE
	EndGlobalSection
	GlobalSection(ExtensibilityGlobals) = postSolution
		SolutionGuid = {4F1A0B55-6F19-44C8-9B27-E3B6BA97A54B}
	EndGlobalSection
EndGlobal
